
Microsoft Visual Studio Solution File, Format Version 12.00
Project("{FAE04EC0-301F-11D3-BF4B-00C04F79EFBC}") = "Extended.WebApi", "Extended.WebApi\Extended.WebApi.csproj", "{D8F5C017-9B69-4C6D-AE34-7C2B20ADFDB9}"
EndProject
Global
	GlobalSection(SolutionConfigurationPlatforms) = preSolution
		Debug|Any CPU = Debug|Any CPU
		Release|Any CPU = Release|Any CPU
	EndGlobalSection
	GlobalSection(ProjectConfigurationPlatforms) = postSolution
		{D8F5C017-9B69-4C6D-AE34-7C2B20ADFDB9}.Debug|Any CPU.ActiveCfg = Debug|Any CPU
		{D8F5C017-9B69-4C6D-AE34-7C2B20ADFDB9}.Debug|Any CPU.Build.0 = Debug|Any CPU
		{D8F5C017-9B69-4C6D-AE34-7C2B20ADFDB9}.Release|Any CPU.ActiveCfg = Release|Any CPU
		{D8F5C017-9B69-4C6D-AE34-7C2B20ADFDB9}.Release|Any CPU.Build.0 = Release|Any CPU
	EndGlobalSection
EndGlobal
